
Microsoft Visual Studio Solution File, Format Version 12.00
# Visual Studio Version 17
VisualStudioVersion = 17.7.34221.43
MinimumVisualStudioVersion = 10.0.40219.1
Project("{FAE04EC0-301F-11D3-BF4B-00C04F79EFBC}") = "test_application", "test_application\test_application.csproj", "{0DB3136B-109E-44E4-8C7C-EC44FBEFE31D}"
EndProject
Global
	GlobalSection(SolutionConfigurationPlatforms) = preSolution
		Debug|Any CPU = Debug|Any CPU
		Release|Any CPU = Release|Any CPU
	EndGlobalSection
	GlobalSection(ProjectConfigurationPlatforms) = postSolution
		{0DB3136B-109E-44E4-8C7C-EC44FBEFE31D}.Debug|Any CPU.ActiveCfg = Debug|Any CPU
		{0DB3136B-109E-44E4-8C7C-EC44FBEFE31D}.Debug|Any CPU.Build.0 = Debug|Any CPU
		{0DB3136B-109E-44E4-8C7C-EC44FBEFE31D}.Release|Any CPU.ActiveCfg = Release|Any CPU
		{0DB3136B-109E-44E4-8C7C-EC44FBEFE31D}.Release|Any CPU.Build.0 = Release|Any CPU
	EndGlobalSection
	GlobalSection(SolutionProperties) = preSolution
		HideSolutionNode = FALSE
	EndGlobalSection
	GlobalSection(ExtensibilityGlobals) = postSolution
		SolutionGuid = {1AD87D24-52BF-4D7A-B02B-BFBFC2F2D9E6}
	EndGlobalSection
EndGlobal
